
Microsoft Visual Studio Solution File, Format Version 12.00
# Visual Studio Version 17
VisualStudioVersion = 17.7.34031.279
MinimumVisualStudioVersion = 10.0.40219.1
Project("{FAE04EC0-301F-11D3-BF4B-00C04F79EFBC}") = "ShareSpace.Server", "ShareSpace\Server\ShareSpace.Server.csproj", "{9E63A4C8-3272-4D26-AA64-C39FDDDB526B}"
EndProject
Project("{FAE04EC0-301F-11D3-BF4B-00C04F79EFBC}") = "ShareSpace.Client", "ShareSpace\Client\ShareSpace.Client.csproj", "{7A8E8593-1299-46AD-B2D8-4687BDFA6FDC}"
EndProject
Project("{FAE04EC0-301F-11D3-BF4B-00C04F79EFBC}") = "ShareSpace.Shared", "ShareSpace\Shared\ShareSpace.Shared.csproj", "{CFD93DF5-CC07-4FF9-A249-50A0FF5AC518}"
EndProject
Global
	GlobalSection(SolutionConfigurationPlatforms) = preSolution
		Debug|Any CPU = Debug|Any CPU
		Release|Any CPU = Release|Any CPU
	EndGlobalSection
	GlobalSection(ProjectConfigurationPlatforms) = postSolution
		{9E63A4C8-3272-4D26-AA64-C39FDDDB526B}.Debug|Any CPU.ActiveCfg = Debug|Any CPU
		{9E63A4C8-3272-4D26-AA64-C39FDDDB526B}.Debug|Any CPU.Build.0 = Debug|Any CPU
		{9E63A4C8-3272-4D26-AA64-C39FDDDB526B}.Release|Any CPU.ActiveCfg = Release|Any CPU
		{9E63A4C8-3272-4D26-AA64-C39FDDDB526B}.Release|Any CPU.Build.0 = Release|Any CPU
		{7A8E8593-1299-46AD-B2D8-4687BDFA6FDC}.Debug|Any CPU.ActiveCfg = Debug|Any CPU
		{7A8E8593-1299-46AD-B2D8-4687BDFA6FDC}.Debug|Any CPU.Build.0 = Debug|Any CPU
		{7A8E8593-1299-46AD-B2D8-4687BDFA6FDC}.Release|Any CPU.ActiveCfg = Release|Any CPU
		{7A8E8593-1299-46AD-B2D8-4687BDFA6FDC}.Release|Any CPU.Build.0 = Release|Any CPU
		{CFD93DF5-CC07-4FF9-A249-50A0FF5AC518}.Debug|Any CPU.ActiveCfg = Debug|Any CPU
		{CFD93DF5-CC07-4FF9-A249-50A0FF5AC518}.Debug|Any CPU.Build.0 = Debug|Any CPU
		{CFD93DF5-CC07-4FF9-A249-50A0FF5AC518}.Release|Any CPU.ActiveCfg = Release|Any CPU
		{CFD93DF5-CC07-4FF9-A249-50A0FF5AC518}.Release|Any CPU.Build.0 = Release|Any CPU
	EndGlobalSection
	GlobalSection(SolutionProperties) = preSolution
		HideSolutionNode = FALSE
	EndGlobalSection
	GlobalSection(ExtensibilityGlobals) = postSolution
		SolutionGuid = {9821D5AE-DF6A-4934-A9B9-6857641D4FFE}
	EndGlobalSection
EndGlobal
